
Microsoft Visual Studio Solution File, Format Version 12.00
# Visual Studio Version 17
VisualStudioVersion = 17.4.33110.190
MinimumVisualStudioVersion = 10.0.40219.1
Project("{FAE04EC0-301F-11D3-BF4B-00C04F79EFBC}") = "TakeHomeWeek4", "TakeHomeWeek4\TakeHomeWeek4.csproj", "{5E585B11-1D94-4520-AA4A-2EDC36D549AF}"
EndProject
Global
	GlobalSection(SolutionConfigurationPlatforms) = preSolution
		Debug|Any CPU = Debug|Any CPU
		Release|Any CPU = Release|Any CPU
	EndGlobalSection
	GlobalSection(ProjectConfigurationPlatforms) = postSolution
		{5E585B11-1D94-4520-AA4A-2EDC36D549AF}.Debug|Any CPU.ActiveCfg = Debug|Any CPU
		{5E585B11-1D94-4520-AA4A-2EDC36D549AF}.Debug|Any CPU.Build.0 = Debug|Any CPU
		{5E585B11-1D94-4520-AA4A-2EDC36D549AF}.Release|Any CPU.ActiveCfg = Release|Any CPU
		{5E585B11-1D94-4520-AA4A-2EDC36D549AF}.Release|Any CPU.Build.0 = Release|Any CPU
	EndGlobalSection
	GlobalSection(SolutionProperties) = preSolution
		HideSolutionNode = FALSE
	EndGlobalSection
	GlobalSection(ExtensibilityGlobals) = postSolution
		SolutionGuid = {05083975-9D5D-4941-BFA7-142D7BAA8DE0}
	EndGlobalSection
EndGlobal
